# This file is autogenerated, do not edit; changes may be undone by the next 'dep ensure'.


[[projects]]
  branch = "master"
  name = "github.com/dhowden/tag"
  packages = ["."]
  revision = "3066d300773cc0ca068514a530847dcabe22a5ca"

[[projects]]
  name = "github.com/disintegration/imaging"
  packages = ["."]
  revision = "1884593a19ddc6f2ea050403430d02c1d0fc1283"
  version = "v1.3.0"

[[projects]]
  name = "github.com/eliukblau/pixterm"
  packages = ["ansimage"]
  revision = "6dc6af372c40adeb7571085cab9c385cf50cfcc5"
  version = "v1.2.2"

[[projects]]
  branch = "master"
  name = "github.com/faiface/beep"
  packages = [".","mp3","speaker"]
  revision = "9a0b4386297ca3f9d0ed1735be9efe03a6dd9e7c"

[[projects]]
  branch = "master"
  name = "github.com/gopherjs/gopherjs"
  packages = ["js"]
  revision = "178c176a91fe05e3e6c58fa5c989bad19e6cdcb3"

[[projects]]
  branch = "master"
  name = "github.com/hajimehoshi/go-mp3"
  packages = [".","internal/bits","internal/consts","internal/frame","internal/frameheader","internal/huffman","internal/imdct","internal/maindata","internal/sideinfo"]
  revision = "e33c08454c22d2cc9ca6a1ef7d13357809275732"

[[projects]]
  branch = "master"
  name = "github.com/hajimehoshi/oto"
  packages = [".","internal/jni"]
  revision = "3680d211ad669453474fc5622a8cc4d346accedb"

[[projects]]
  branch = "master"
  name = "github.com/lucasb-eyer/go-colorful"
  packages = ["."]
  revision = "231272389856c976b7500c4fffcc52ddf06ff4eb"

[[projects]]
  name = "github.com/mattn/go-runewidth"
  packages = ["."]
  revision = "9e777a8366cce605130a531d2cd6363d07ad7317"
  version = "v0.0.2"

[[projects]]
  branch = "master"
  name = "github.com/nsf/termbox-go"
  packages = ["."]
  revision = "157ff97de075fe3e9e54bda782b8ca6b552dfff7"

[[projects]]
  name = "github.com/pkg/errors"
  packages = ["."]
  revision = "645ef00459ed84a119197bfb8d8205042c6df63d"
  version = "v0.8.0"

[[projects]]
  branch = "master"
  name = "golang.org/x/image"
  packages = ["bmp","riff","tiff","tiff/lzw","vp8","vp8l","webp"]
  revision = "12117c17ca67ffa1ce22e9409f3b0b0a93ac08c7"

[solve-meta]
  analyzer-name = "dep"
  analyzer-version = 1
  inputs-digest = "7e9012b34949d1ec5e9102e53bc7499e006c59efa8a8d7bf2369e32d414a442b"
  solver-name = "gps-cdcl"
  solver-version = 1
